<?xml version="1.0" encoding="utf-8"?>
<Project ToolsVersion="4.0" xmlns="http://schemas.microsoft.com/developer/msbuild/2003">
  <ItemGroup>
    <Filter Include="Platform">
      <UniqueIdentifier>{2AC788B4-1694-E3BF-3FAD-D1672BD9184E}</UniqueIdentifier>
    </Filter>
    <Filter Include="Platform\Windows">
      <UniqueIdentifier>{64FBD71A-50F4-F66C-7926-DCF1657ED678}</UniqueIdentifier>
    </Filter>
    <Filter Include="hezzle">
      <UniqueIdentifier>{972CE001-83CE-0AD8-6C89-1E2C58CA9128}</UniqueIdentifier>
    </Filter>
    <Filter Include="hezzle\Events">
      <UniqueIdentifier>{9BE8C09C-07A9-3CD3-D0E3-85503C6381AF}</UniqueIdentifier>
    </Filter>
  </ItemGroup>
  <ItemGroup>
    <ClInclude Include="src\Hezzle.h" />
    <ClInclude Include="src\Platform\Windows\WindowsWindow.h">
      <Filter>Platform\Windows</Filter>
    </ClInclude>
    <ClInclude Include="src\hezzle\Application.h">
      <Filter>hezzle</Filter>
    </ClInclude>
    <ClInclude Include="src\hezzle\EntryPoint.h">
      <Filter>hezzle</Filter>
    </ClInclude>
    <ClInclude Include="src\hezzle\Events\ApplicationEvent.h">
      <Filter>hezzle\Events</Filter>
    </ClInclude>
    <ClInclude Include="src\hezzle\Events\Event.h">
      <Filter>hezzle\Events</Filter>
    </ClInclude>
    <ClInclude Include="src\hezzle\Events\KeyEvent.h">
      <Filter>hezzle\Events</Filter>
    </ClInclude>
    <ClInclude Include="src\hezzle\Events\MouseEvent.h">
      <Filter>hezzle\Events</Filter>
    </ClInclude>
    <ClInclude Include="src\hezzle\Log.h">
      <Filter>hezzle</Filter>
    </ClInclude>
    <ClInclude Include="src\hezzle\Window.h">
      <Filter>hezzle</Filter>
    </ClInclude>
    <ClInclude Include="src\hezzle\core.h">
      <Filter>hezzle</Filter>
    </ClInclude>
    <ClInclude Include="src\hzpch.h" />
  </ItemGroup>
  <ItemGroup>
    <ClCompile Include="src\Platform\Windows\WindowsWindow.cpp">
      <Filter>Platform\Windows</Filter>
    </ClCompile>
    <ClCompile Include="src\hezzle\Application.cpp">
      <Filter>hezzle</Filter>
    </ClCompile>
    <ClCompile Include="src\hezzle\Log.cpp">
      <Filter>hezzle</Filter>
    </ClCompile>
    <ClCompile Include="src\hzpch.cpp" />
  </ItemGroup>
</Project>